
Microsoft Visual Studio Solution File, Format Version 12.00
# Visual Studio Version 16
VisualStudioVersion = 16.0.33423.256
MinimumVisualStudioVersion = 10.0.40219.1
Project("{888888A0-9F3D-457C-B088-3A5042F75D52}") = "ImageAugmentation", "ImageAugmentation\ImageAugmentation.pyproj", "{88A7999E-2974-4D66-B2C5-0CAC2E81E625}"
EndProject
Global
	GlobalSection(SolutionConfigurationPlatforms) = preSolution
		Debug|Any CPU = Debug|Any CPU
		Release|Any CPU = Release|Any CPU
	EndGlobalSection
	GlobalSection(ProjectConfigurationPlatforms) = postSolution
		{88A7999E-2974-4D66-B2C5-0CAC2E81E625}.Debug|Any CPU.ActiveCfg = Debug|Any CPU
		{88A7999E-2974-4D66-B2C5-0CAC2E81E625}.Release|Any CPU.ActiveCfg = Release|Any CPU
	EndGlobalSection
	GlobalSection(SolutionProperties) = preSolution
		HideSolutionNode = FALSE
	EndGlobalSection
	GlobalSection(ExtensibilityGlobals) = postSolution
		SolutionGuid = {B7F5B78A-00E0-43BE-B884-9DB922E1ECB4}
	EndGlobalSection
EndGlobal
